// !$*UTF8*$!
{
	archiveVersion = 1;
	classes = {
	};
	objectVersion = 46;
	objects = {

/* Begin PBXBuildFile section */
		048B277D1D21BEB700103E75 /* AppDelegate.swift in Sources */ = {isa = PBXBuildFile; fileRef = 048B277C1D21BEB700103E75 /* AppDelegate.swift */; };
		048B277F1D21BEB700103E75 /* ViewController.swift in Sources */ = {isa = PBXBuildFile; fileRef = 048B277E1D21BEB700103E75 /* ViewController.swift */; };
		048B27821D21BEB700103E75 /* Main.storyboard in Resources */ = {isa = PBXBuildFile; fileRef = 048B27801D21BEB700103E75 /* Main.storyboard */; };
		048B27841D21BEB700103E75 /* Assets.xcassets in Resources */ = {isa = PBXBuildFile; fileRef = 048B27831D21BEB700103E75 /* Assets.xcassets */; };
		048B27871D21BEB700103E75 /* LaunchScreen.storyboard in Resources */ = {isa = PBXBuildFile; fileRef = 048B27851D21BEB700103E75 /* LaunchScreen.storyboard */; };
		048B27921D21C08F00103E75 /* GitHubOAuth.swift in Sources */ = {isa = PBXBuildFile; fileRef = 048B27911D21C08F00103E75 /* GitHubOAuth.swift */; };
		048B27941D21C21C00103E75 /* Credentials.swift in Sources */ = {isa = PBXBuildFile; fileRef = 048B27931D21C21C00103E75 /* Credentials.swift */; };
		048B27961D23201E00103E75 /* HomeViewController.swift in Sources */ = {isa = PBXBuildFile; fileRef = 048B27951D23201E00103E75 /* HomeViewController.swift */; };
		048B27981D23221B00103E75 /* Setup.swift in Sources */ = {isa = PBXBuildFile; fileRef = 048B27971D23221B00103E75 /* Setup.swift */; };
		048B279A1D23274B00103E75 /* API.swift in Sources */ = {isa = PBXBuildFile; fileRef = 048B27991D23274B00103E75 /* API.swift */; };
		048B279D1D2327A600103E75 /* Owner.swift in Sources */ = {isa = PBXBuildFile; fileRef = 048B279C1D2327A600103E75 /* Owner.swift */; };
		048B279F1D23281F00103E75 /* Repository.swift in Sources */ = {isa = PBXBuildFile; fileRef = 048B279E1D23281E00103E75 /* Repository.swift */; };
		048B27A11D23284900103E75 /* Additions.swift in Sources */ = {isa = PBXBuildFile; fileRef = 048B27A01D23284900103E75 /* Additions.swift */; };
/* End PBXBuildFile section */

/* Begin PBXFileReference section */
		048B27791D21BEB700103E75 /* GoGoGitHub.app */ = {isa = PBXFileReference; explicitFileType = wrapper.application; includeInIndex = 0; path = GoGoGitHub.app; sourceTree = BUILT_PRODUCTS_DIR; };
		048B277C1D21BEB700103E75 /* AppDelegate.swift */ = {isa = PBXFileReference; lastKnownFileType = sourcecode.swift; path = AppDelegate.swift; sourceTree = "<group>"; };
		048B277E1D21BEB700103E75 /* ViewController.swift */ = {isa = PBXFileReference; lastKnownFileType = sourcecode.swift; path = ViewController.swift; sourceTree = "<group>"; };
		048B27811D21BEB700103E75 /* Base */ = {isa = PBXFileReference; lastKnownFileType = file.storyboard; name = Base; path = Base.lproj/Main.storyboard; sourceTree = "<group>"; };
		048B27831D21BEB700103E75 /* Assets.xcassets */ = {isa = PBXFileReference; lastKnownFileType = folder.assetcatalog; path = Assets.xcassets; sourceTree = "<group>"; };
		048B27861D21BEB700103E75 /* Base */ = {isa = PBXFileReference; lastKnownFileType = file.storyboard; name = Base; path = Base.lproj/LaunchScreen.storyboard; sourceTree = "<group>"; };
		048B27881D21BEB700103E75 /* Info.plist */ = {isa = PBXFileReference; lastKnownFileType = text.plist.xml; path = Info.plist; sourceTree = "<group>"; };
		048B27911D21C08F00103E75 /* GitHubOAuth.swift */ = {isa = PBXFileReference; fileEncoding = 4; lastKnownFileType = sourcecode.swift; path = GitHubOAuth.swift; sourceTree = "<group>"; };
		048B27931D21C21C00103E75 /* Credentials.swift */ = {isa = PBXFileReference; fileEncoding = 4; lastKnownFileType = sourcecode.swift; path = Credentials.swift; sourceTree = "<group>"; };
		048B27951D23201E00103E75 /* HomeViewController.swift */ = {isa = PBXFileReference; fileEncoding = 4; lastKnownFileType = sourcecode.swift; path = HomeViewController.swift; sourceTree = "<group>"; };
		048B27971D23221B00103E75 /* Setup.swift */ = {isa = PBXFileReference; fileEncoding = 4; lastKnownFileType = sourcecode.swift; name = Setup.swift; path = ../Setup.swift; sourceTree = "<group>"; };
		048B27991D23274B00103E75 /* API.swift */ = {isa = PBXFileReference; fileEncoding = 4; lastKnownFileType = sourcecode.swift; path = API.swift; sourceTree = "<group>"; };
		048B279C1D2327A600103E75 /* Owner.swift */ = {isa = PBXFileReference; fileEncoding = 4; lastKnownFileType = sourcecode.swift; path = Owner.swift; sourceTree = "<group>"; };
		048B279E1D23281E00103E75 /* Repository.swift */ = {isa = PBXFileReference; fileEncoding = 4; lastKnownFileType = sourcecode.swift; path = Repository.swift; sourceTree = "<group>"; };
		048B27A01D23284900103E75 /* Additions.swift */ = {isa = PBXFileReference; fileEncoding = 4; lastKnownFileType = sourcecode.swift; path = Additions.swift; sourceTree = "<group>"; };
/* End PBXFileReference section */

/* Begin PBXFrameworksBuildPhase section */
		048B27761D21BEB700103E75 /* Frameworks */ = {
			isa = PBXFrameworksBuildPhase;
			buildActionMask = 2147483647;
			files = (
			);
			runOnlyForDeploymentPostprocessing = 0;
		};
/* End PBXFrameworksBuildPhase section */

/* Begin PBXGroup section */
		048B27701D21BEB700103E75 = {
			isa = PBXGroup;
			children = (
				048B277B1D21BEB700103E75 /* GoGoGitHub */,
				048B277A1D21BEB700103E75 /* Products */,
			);
			sourceTree = "<group>";
		};
		048B277A1D21BEB700103E75 /* Products */ = {
			isa = PBXGroup;
			children = (
				048B27791D21BEB700103E75 /* GoGoGitHub.app */,
			);
			name = Products;
			sourceTree = "<group>";
		};
		048B277B1D21BEB700103E75 /* GoGoGitHub */ = {
			isa = PBXGroup;
			children = (
				048B277C1D21BEB700103E75 /* AppDelegate.swift */,
				048B27A21D23286800103E75 /* App Global */,
				048B279B1D23275D00103E75 /* API */,
				048B27901D21C03D00103E75 /* Model */,
				048B278E1D21C02200103E75 /* View */,
				048B278F1D21C02E00103E75 /* Controller */,
			);
			path = GoGoGitHub;
			sourceTree = "<group>";
		};
		048B278E1D21C02200103E75 /* View */ = {
			isa = PBXGroup;
			children = (
				048B27831D21BEB700103E75 /* Assets.xcassets */,
				048B27851D21BEB700103E75 /* LaunchScreen.storyboard */,
				048B27801D21BEB700103E75 /* Main.storyboard */,
			);
			name = View;
			sourceTree = "<group>";
		};
		048B278F1D21C02E00103E75 /* Controller */ = {
			isa = PBXGroup;
			children = (
				048B27951D23201E00103E75 /* HomeViewController.swift */,
				048B277E1D21BEB700103E75 /* ViewController.swift */,
			);
			name = Controller;
			sourceTree = "<group>";
		};
		048B27901D21C03D00103E75 /* Model */ = {
			isa = PBXGroup;
			children = (
				048B279C1D2327A600103E75 /* Owner.swift */,
				048B279E1D23281E00103E75 /* Repository.swift */,
				048B27931D21C21C00103E75 /* Credentials.swift */,
				048B27971D23221B00103E75 /* Setup.swift */,
			);
			name = Model;
			sourceTree = "<group>";
		};
		048B279B1D23275D00103E75 /* API */ = {
			isa = PBXGroup;
			children = (
				048B27991D23274B00103E75 /* API.swift */,
				048B27911D21C08F00103E75 /* GitHubOAuth.swift */,
			);
			name = API;
			sourceTree = "<group>";
		};
		048B27A21D23286800103E75 /* App Global */ = {
			isa = PBXGroup;
			children = (
				048B27881D21BEB700103E75 /* Info.plist */,
				048B27A01D23284900103E75 /* Additions.swift */,
			);
			name = "App Global";
			sourceTree = "<group>";
		};
/* End PBXGroup section */

/* Begin PBXNativeTarget section */
		048B27781D21BEB700103E75 /* GoGoGitHub */ = {
			isa = PBXNativeTarget;
			buildConfigurationList = 048B278B1D21BEB700103E75 /* Build configuration list for PBXNativeTarget "GoGoGitHub" */;
			buildPhases = (
				048B27751D21BEB700103E75 /* Sources */,
				048B27761D21BEB700103E75 /* Frameworks */,
				048B27771D21BEB700103E75 /* Resources */,
			);
			buildRules = (
			);
			dependencies = (
			);
			name = GoGoGitHub;
			productName = GoGoGitHub;
			productReference = 048B27791D21BEB700103E75 /* GoGoGitHub.app */;
			productType = "com.apple.product-type.application";
		};
/* End PBXNativeTarget section */

/* Begin PBXProject section */
		048B27711D21BEB700103E75 /* Project object */ = {
			isa = PBXProject;
			attributes = {
				LastSwiftUpdateCheck = 0730;
				LastUpgradeCheck = 0730;
				ORGANIZATIONNAME = "Rick ";
				TargetAttributes = {
					048B27781D21BEB700103E75 = {
						CreatedOnToolsVersion = 7.3.1;
					};
				};
			};
			buildConfigurationList = 048B27741D21BEB700103E75 /* Build configuration list for PBXProject "GoGoGitHub" */;
			compatibilityVersion = "Xcode 3.2";
			developmentRegion = English;
			hasScannedForEncodings = 0;
			knownRegions = (
				en,
				Base,
			);
			mainGroup = 048B27701D21BEB700103E75;
			productRefGroup = 048B277A1D21BEB700103E75 /* Products */;
			projectDirPath = "";
			projectRoot = "";
			targets = (
				048B27781D21BEB700103E75 /* GoGoGitHub */,
			);
		};
/* End PBXProject section */

/* Begin PBXResourcesBuildPhase section */
		048B27771D21BEB700103E75 /* Resources */ = {
			isa = PBXResourcesBuildPhase;
			buildActionMask = 2147483647;
			files = (
				048B27871D21BEB700103E75 /* LaunchScreen.storyboard in Resources */,
				048B27841D21BEB700103E75 /* Assets.xcassets in Resources */,
				048B27821D21BEB700103E75 /* Main.storyboard in Resources */,
			);
			runOnlyForDeploymentPostprocessing = 0;
		};
/* End PBXResourcesBuildPhase section */

/* Begin PBXSourcesBuildPhase section */
		048B27751D21BEB700103E75 /* Sources */ = {
			isa = PBXSourcesBuildPhase;
			buildActionMask = 2147483647;
			files = (
				048B27961D23201E00103E75 /* HomeViewController.swift in Sources */,
				048B27A11D23284900103E75 /* Additions.swift in Sources */,
				048B279D1D2327A600103E75 /* Owner.swift in Sources */,
				048B27981D23221B00103E75 /* Setup.swift in Sources */,
				048B27921D21C08F00103E75 /* GitHubOAuth.swift in Sources */,
				048B277F1D21BEB700103E75 /* ViewController.swift in Sources */,
				048B27941D21C21C00103E75 /* Credentials.swift in Sources */,
				048B277D1D21BEB700103E75 /* AppDelegate.swift in Sources */,
				048B279A1D23274B00103E75 /* API.swift in Sources */,
				048B279F1D23281F00103E75 /* Repository.swift in Sources */,
			);
			runOnlyForDeploymentPostprocessing = 0;
		};
/* End PBXSourcesBuildPhase section */

/* Begin PBXVariantGroup section */
		048B27801D21BEB700103E75 /* Main.storyboard */ = {
			isa = PBXVariantGroup;
			children = (
				048B27811D21BEB700103E75 /* Base */,
			);
			name = Main.storyboard;
			sourceTree = "<group>";
		};
		048B27851D21BEB700103E75 /* LaunchScreen.storyboard */ = {
			isa = PBXVariantGroup;
			children = (
				048B27861D21BEB700103E75 /* Base */,
			);
			name = LaunchScreen.storyboard;
			sourceTree = "<group>";
		};
/* End PBXVariantGroup section */

/* Begin XCBuildConfiguration section */
		048B27891D21BEB700103E75 /* Debug */ = {
			isa = XCBuildConfiguration;
			buildSettings = {
				ALWAYS_SEARCH_USER_PATHS = NO;
				CLANG_ANALYZER_NONNULL = YES;
				CLANG_CXX_LANGUAGE_STANDARD = "gnu++0x";
				CLANG_CXX_LIBRARY = "libc++";
				CLANG_ENABLE_MODULES = YES;
				CLANG_ENABLE_OBJC_ARC = YES;
				CLANG_WARN_BOOL_CONVERSION = YES;
				CLANG_WARN_CONSTANT_CONVERSION = YES;
				CLANG_WARN_DIRECT_OBJC_ISA_USAGE = YES_ERROR;
				CLANG_WARN_EMPTY_BODY = YES;
				CLANG_WARN_ENUM_CONVERSION = YES;
				CLANG_WARN_INT_CONVERSION = YES;
				CLANG_WARN_OBJC_ROOT_CLASS = YES_ERROR;
				CLANG_WARN_UNREACHABLE_CODE = YES;
				CLANG_WARN__DUPLICATE_METHOD_MATCH = YES;
				"CODE_SIGN_IDENTITY[sdk=iphoneos*]" = "iPhone Developer";
				COPY_PHASE_STRIP = NO;
				DEBUG_INFORMATION_FORMAT = dwarf;
				ENABLE_STRICT_OBJC_MSGSEND = YES;
				ENABLE_TESTABILITY = YES;
				GCC_C_LANGUAGE_STANDARD = gnu99;
				GCC_DYNAMIC_NO_PIC = NO;
				GCC_NO_COMMON_BLOCKS = YES;
				GCC_OPTIMIZATION_LEVEL = 0;
				GCC_PREPROCESSOR_DEFINITIONS = (
					"DEBUG=1",
					"$(inherited)",
				);
				GCC_WARN_64_TO_32_BIT_CONVERSION = YES;
				GCC_WARN_ABOUT_RETURN_TYPE = YES_ERROR;
				GCC_WARN_UNDECLARED_SELECTOR = YES;
				GCC_WARN_UNINITIALIZED_AUTOS = YES_AGGRESSIVE;
				GCC_WARN_UNUSED_FUNCTION = YES;
				GCC_WARN_UNUSED_VARIABLE = YES;
				IPHONEOS_DEPLOYMENT_TARGET = 9.3;
				MTL_ENABLE_DEBUG_INFO = YES;
				ONLY_ACTIVE_ARCH = YES;
				SDKROOT = iphoneos;
				SWIFT_OPTIMIZATION_LEVEL = "-Onone";
				TARGETED_DEVICE_FAMILY = "1,2";
			};
			name = Debug;
		};
		048B278A1D21BEB700103E75 /* Release */ = {
			isa = XCBuildConfiguration;
			buildSettings = {
				ALWAYS_SEARCH_USER_PATHS = NO;
				CLANG_ANALYZER_NONNULL = YES;
				CLANG_CXX_LANGUAGE_STANDARD = "gnu++0x";
				CLANG_CXX_LIBRARY = "libc++";
				CLANG_ENABLE_MODULES = YES;
				CLANG_ENABLE_OBJC_ARC = YES;
				CLANG_WARN_BOOL_CONVERSION = YES;
				CLANG_WARN_CONSTANT_CONVERSION = YES;
				CLANG_WARN_DIRECT_OBJC_ISA_USAGE = YES_ERROR;
				CLANG_WARN_EMPTY_BODY = YES;
				CLANG_WARN_ENUM_CONVERSION = YES;
				CLANG_WARN_INT_CONVERSION = YES;
				CLANG_WARN_OBJC_ROOT_CLASS = YES_ERROR;
				CLANG_WARN_UNREACHABLE_CODE = YES;
				CLANG_WARN__DUPLICATE_METHOD_MATCH = YES;
				"CODE_SIGN_IDENTITY[sdk=iphoneos*]" = "iPhone Developer";
				COPY_PHASE_STRIP = NO;
				DEBUG_INFORMATION_FORMAT = "dwarf-with-dsym";
				ENABLE_NS_ASSERTIONS = NO;
				ENABLE_STRICT_OBJC_MSGSEND = YES;
				GCC_C_LANGUAGE_STANDARD = gnu99;
				GCC_NO_COMMON_BLOCKS = YES;
				GCC_WARN_64_TO_32_BIT_CONVERSION = YES;
				GCC_WARN_ABOUT_RETURN_TYPE = YES_ERROR;
				GCC_WARN_UNDECLARED_SELECTOR = YES;
				GCC_WARN_UNINITIALIZED_AUTOS = YES_AGGRESSIVE;
				GCC_WARN_UNUSED_FUNCTION = YES;
				GCC_WARN_UNUSED_VARIABLE = YES;
				IPHONEOS_DEPLOYMENT_TARGET = 9.3;
				MTL_ENABLE_DEBUG_INFO = NO;
				SDKROOT = iphoneos;
				TARGETED_DEVICE_FAMILY = "1,2";
				VALIDATE_PRODUCT = YES;
			};
			name = Release;
		};
		048B278C1D21BEB700103E75 /* Debug */ = {
			isa = XCBuildConfiguration;
			buildSettings = {
				ASSETCATALOG_COMPILER_APPICON_NAME = AppIcon;
				INFOPLIST_FILE = GoGoGitHub/Info.plist;
				LD_RUNPATH_SEARCH_PATHS = "$(inherited) @executable_path/Frameworks";
				PRODUCT_BUNDLE_IDENTIFIER = rs.rick.GoGoGitHub;
				PRODUCT_NAME = "$(TARGET_NAME)";
			};
			name = Debug;
		};
		048B278D1D21BEB700103E75 /* Release */ = {
			isa = XCBuildConfiguration;
			buildSettings = {
				ASSETCATALOG_COMPILER_APPICON_NAME = AppIcon;
				INFOPLIST_FILE = GoGoGitHub/Info.plist;
				LD_RUNPATH_SEARCH_PATHS = "$(inherited) @executable_path/Frameworks";
				PRODUCT_BUNDLE_IDENTIFIER = rs.rick.GoGoGitHub;
				PRODUCT_NAME = "$(TARGET_NAME)";
			};
			name = Release;
		};
/* End XCBuildConfiguration section */

/* Begin XCConfigurationList section */
		048B27741D21BEB700103E75 /* Build configuration list for PBXProject "GoGoGitHub" */ = {
			isa = XCConfigurationList;
			buildConfigurations = (
				048B27891D21BEB700103E75 /* Debug */,
				048B278A1D21BEB700103E75 /* Release */,
			);
			defaultConfigurationIsVisible = 0;
			defaultConfigurationName = Release;
		};
		048B278B1D21BEB700103E75 /* Build configuration list for PBXNativeTarget "GoGoGitHub" */ = {
			isa = XCConfigurationList;
			buildConfigurations = (
				048B278C1D21BEB700103E75 /* Debug */,
				048B278D1D21BEB700103E75 /* Release */,
			);
			defaultConfigurationIsVisible = 0;
		};
/* End XCConfigurationList section */
	};
	rootObject = 048B27711D21BEB700103E75 /* Project object */;
}
